Microsoft Visual Studio Solution File, Format Version 12.00
# Visual Studio 2012
Project("{FAE04EC0-301F-11D3-BF4B-00C04F79EFBC}") = "classes csharp", "classes csharp.csproj", "{83F18A06-4CBF-4B77-8136-E96B2C01203D}"
EndProject
Global
	GlobalSection(SolutionConfigurationPlatforms) = preSolution
	Debug|Any CPU = Debug|Any CPU
	ExportDebug|Any CPU = ExportDebug|Any CPU
	ExportRelease|Any CPU = ExportRelease|Any CPU
	EndGlobalSection
	GlobalSection(ProjectConfigurationPlatforms) = postSolution
		{83F18A06-4CBF-4B77-8136-E96B2C01203D}.Debug|Any CPU.ActiveCfg = Debug|Any CPU
		{83F18A06-4CBF-4B77-8136-E96B2C01203D}.Debug|Any CPU.Build.0 = Debug|Any CPU
		{83F18A06-4CBF-4B77-8136-E96B2C01203D}.ExportDebug|Any CPU.ActiveCfg = ExportDebug|Any CPU
		{83F18A06-4CBF-4B77-8136-E96B2C01203D}.ExportDebug|Any CPU.Build.0 = ExportDebug|Any CPU
		{83F18A06-4CBF-4B77-8136-E96B2C01203D}.ExportRelease|Any CPU.ActiveCfg = ExportRelease|Any CPU
		{83F18A06-4CBF-4B77-8136-E96B2C01203D}.ExportRelease|Any CPU.Build.0 = ExportRelease|Any CPU
	EndGlobalSection
EndGlobal
